// !$*UTF8*$!
{
	archiveVersion = 1;
	classes = {
	};
	objectVersion = 50;
	objects = {

/* Begin PBXBuildFile section */
		5F7844A925EFE3D00014BF7C /* SwiftUI_ExploringApp.swift in Sources */ = {isa = PBXBuildFile; fileRef = 5F7844A825EFE3D00014BF7C /* SwiftUI_ExploringApp.swift */; };
		5F7844AB25EFE3D00014BF7C /* ContentView.swift in Sources */ = {isa = PBXBuildFile; fileRef = 5F7844AA25EFE3D00014BF7C /* ContentView.swift */; };
		5F7844AD25EFE3D30014BF7C /* Assets.xcassets in Resources */ = {isa = PBXBuildFile; fileRef = 5F7844AC25EFE3D30014BF7C /* Assets.xcassets */; };
		5F7844B025EFE3D30014BF7C /* Preview Assets.xcassets in Resources */ = {isa = PBXBuildFile; fileRef = 5F7844AF25EFE3D30014BF7C /* Preview Assets.xcassets */; };
		5F7844BB25EFE3D30014BF7C /* SwiftUI_ExploringTests.swift in Sources */ = {isa = PBXBuildFile; fileRef = 5F7844BA25EFE3D30014BF7C /* SwiftUI_ExploringTests.swift */; };
		5F7844C625EFE3D30014BF7C /* SwiftUI_ExploringUITests.swift in Sources */ = {isa = PBXBuildFile; fileRef = 5F7844C525EFE3D30014BF7C /* SwiftUI_ExploringUITests.swift */; };
/* End PBXBuildFile section */

/* Begin PBXContainerItemProxy section */
		5F7844B725EFE3D30014BF7C /* PBXContainerItemProxy */ = {
			isa = PBXContainerItemProxy;
			containerPortal = 5F78449D25EFE3CF0014BF7C /* Project object */;
			proxyType = 1;
			remoteGlobalIDString = 5F7844A425EFE3D00014BF7C;
			remoteInfo = "SwiftUI-Exploring";
		};
		5F7844C225EFE3D30014BF7C /* PBXContainerItemProxy */ = {
			isa = PBXContainerItemProxy;
			containerPortal = 5F78449D25EFE3CF0014BF7C /* Project object */;
			proxyType = 1;
			remoteGlobalIDString = 5F7844A425EFE3D00014BF7C;
			remoteInfo = "SwiftUI-Exploring";
		};
/* End PBXContainerItemProxy section */

/* Begin PBXFileReference section */
		5F7844A525EFE3D00014BF7C /* SwiftUI-Exploring.app */ = {isa = PBXFileReference; explicitFileType = wrapper.application; includeInIndex = 0; path = "SwiftUI-Exploring.app"; sourceTree = BUILT_PRODUCTS_DIR; };
		5F7844A825EFE3D00014BF7C /* SwiftUI_ExploringApp.swift */ = {isa = PBXFileReference; lastKnownFileType = sourcecode.swift; path = SwiftUI_ExploringApp.swift; sourceTree = "<group>"; };
		5F7844AA25EFE3D00014BF7C /* ContentView.swift */ = {isa = PBXFileReference; lastKnownFileType = sourcecode.swift; path = ContentView.swift; sourceTree = "<group>"; };
		5F7844AC25EFE3D30014BF7C /* Assets.xcassets */ = {isa = PBXFileReference; lastKnownFileType = folder.assetcatalog; path = Assets.xcassets; sourceTree = "<group>"; };
		5F7844AF25EFE3D30014BF7C /* Preview Assets.xcassets */ = {isa = PBXFileReference; lastKnownFileType = folder.assetcatalog; path = "Preview Assets.xcassets"; sourceTree = "<group>"; };
		5F7844B125EFE3D30014BF7C /* Info.plist */ = {isa = PBXFileReference; lastKnownFileType = text.plist.xml; path = Info.plist; sourceTree = "<group>"; };
		5F7844B625EFE3D30014BF7C /* SwiftUI-ExploringTests.xctest */ = {isa = PBXFileReference; explicitFileType = wrapper.cfbundle; includeInIndex = 0; path = "SwiftUI-ExploringTests.xctest"; sourceTree = BUILT_PRODUCTS_DIR; };
		5F7844BA25EFE3D30014BF7C /* SwiftUI_ExploringTests.swift */ = {isa = PBXFileReference; lastKnownFileType = sourcecode.swift; path = SwiftUI_ExploringTests.swift; sourceTree = "<group>"; };
		5F7844BC25EFE3D30014BF7C /* Info.plist */ = {isa = PBXFileReference; lastKnownFileType = text.plist.xml; path = Info.plist; sourceTree = "<group>"; };
		5F7844C125EFE3D30014BF7C /* SwiftUI-ExploringUITests.xctest */ = {isa = PBXFileReference; explicitFileType = wrapper.cfbundle; includeInIndex = 0; path = "SwiftUI-ExploringUITests.xctest"; sourceTree = BUILT_PRODUCTS_DIR; };
		5F7844C525EFE3D30014BF7C /* SwiftUI_ExploringUITests.swift */ = {isa = PBXFileReference; lastKnownFileType = sourcecode.swift; path = SwiftUI_ExploringUITests.swift; sourceTree = "<group>"; };
		5F7844C725EFE3D30014BF7C /* Info.plist */ = {isa = PBXFileReference; lastKnownFileType = text.plist.xml; path = Info.plist; sourceTree = "<group>"; };
/* End PBXFileReference section */

/* Begin PBXFrameworksBuildPhase section */
		5F7844A225EFE3D00014BF7C /* Frameworks */ = {
			isa = PBXFrameworksBuildPhase;
			buildActionMask = 2147483647;
			files = (
			);
			runOnlyForDeploymentPostprocessing = 0;
		};
		5F7844B325EFE3D30014BF7C /* Frameworks */ = {
			isa = PBXFrameworksBuildPhase;
			buildActionMask = 2147483647;
			files = (
			);
			runOnlyForDeploymentPostprocessing = 0;
		};
		5F7844BE25EFE3D30014BF7C /* Frameworks */ = {
			isa = PBXFrameworksBuildPhase;
			buildActionMask = 2147483647;
			files = (
			);
			runOnlyForDeploymentPostprocessing = 0;
		};
/* End PBXFrameworksBuildPhase section */

/* Begin PBXGroup section */
		5F78449C25EFE3CF0014BF7C = {
			isa = PBXGroup;
			children = (
				5F7844A725EFE3D00014BF7C /* SwiftUI-Exploring */,
				5F7844B925EFE3D30014BF7C /* SwiftUI-ExploringTests */,
				5F7844C425EFE3D30014BF7C /* SwiftUI-ExploringUITests */,
				5F7844A625EFE3D00014BF7C /* Products */,
			);
			sourceTree = "<group>";
		};
		5F7844A625EFE3D00014BF7C /* Products */ = {
			isa = PBXGroup;
			children = (
				5F7844A525EFE3D00014BF7C /* SwiftUI-Exploring.app */,
				5F7844B625EFE3D30014BF7C /* SwiftUI-ExploringTests.xctest */,
				5F7844C125EFE3D30014BF7C /* SwiftUI-ExploringUITests.xctest */,
			);
			name = Products;
			sourceTree = "<group>";
		};
		5F7844A725EFE3D00014BF7C /* SwiftUI-Exploring */ = {
			isa = PBXGroup;
			children = (
				5F7844A825EFE3D00014BF7C /* SwiftUI_ExploringApp.swift */,
				5F7844AA25EFE3D00014BF7C /* ContentView.swift */,
				5F7844AC25EFE3D30014BF7C /* Assets.xcassets */,
				5F7844B125EFE3D30014BF7C /* Info.plist */,
				5F7844AE25EFE3D30014BF7C /* Preview Content */,
			);
			path = "SwiftUI-Exploring";
			sourceTree = "<group>";
		};
		5F7844AE25EFE3D30014BF7C /* Preview Content */ = {
			isa = PBXGroup;
			children = (
				5F7844AF25EFE3D30014BF7C /* Preview Assets.xcassets */,
			);
			path = "Preview Content";
			sourceTree = "<group>";
		};
		5F7844B925EFE3D30014BF7C /* SwiftUI-ExploringTests */ = {
			isa = PBXGroup;
			children = (
				5F7844BA25EFE3D30014BF7C /* SwiftUI_ExploringTests.swift */,
				5F7844BC25EFE3D30014BF7C /* Info.plist */,
			);
			path = "SwiftUI-ExploringTests";
			sourceTree = "<group>";
		};
		5F7844C425EFE3D30014BF7C /* SwiftUI-ExploringUITests */ = {
			isa = PBXGroup;
			children = (
				5F7844C525EFE3D30014BF7C /* SwiftUI_ExploringUITests.swift */,
				5F7844C725EFE3D30014BF7C /* Info.plist */,
			);
			path = "SwiftUI-ExploringUITests";
			sourceTree = "<group>";
		};
/* End PBXGroup section */

/* Begin PBXNativeTarget section */
		5F7844A425EFE3D00014BF7C /* SwiftUI-Exploring */ = {
			isa = PBXNativeTarget;
			buildConfigurationList = 5F7844CA25EFE3D30014BF7C /* Build configuration list for PBXNativeTarget "SwiftUI-Exploring" */;
			buildPhases = (
				5F7844A125EFE3D00014BF7C /* Sources */,
				5F7844A225EFE3D00014BF7C /* Frameworks */,
				5F7844A325EFE3D00014BF7C /* Resources */,
			);
			buildRules = (
			);
			dependencies = (
			);
			name = "SwiftUI-Exploring";
			productName = "SwiftUI-Exploring";
			productReference = 5F7844A525EFE3D00014BF7C /* SwiftUI-Exploring.app */;
			productType = "com.apple.product-type.application";
		};
		5F7844B525EFE3D30014BF7C /* SwiftUI-ExploringTests */ = {
			isa = PBXNativeTarget;
			buildConfigurationList = 5F7844CD25EFE3D30014BF7C /* Build configuration list for PBXNativeTarget "SwiftUI-ExploringTests" */;
			buildPhases = (
				5F7844B225EFE3D30014BF7C /* Sources */,
				5F7844B325EFE3D30014BF7C /* Frameworks */,
				5F7844B425EFE3D30014BF7C /* Resources */,
			);
			buildRules = (
			);
			dependencies = (
				5F7844B825EFE3D30014BF7C /* PBXTargetDependency */,
			);
			name = "SwiftUI-ExploringTests";
			productName = "SwiftUI-ExploringTests";
			productReference = 5F7844B625EFE3D30014BF7C /* SwiftUI-ExploringTests.xctest */;
			productType = "com.apple.product-type.bundle.unit-test";
		};
		5F7844C025EFE3D30014BF7C /* SwiftUI-ExploringUITests */ = {
			isa = PBXNativeTarget;
			buildConfigurationList = 5F7844D025EFE3D30014BF7C /* Build configuration list for PBXNativeTarget "SwiftUI-ExploringUITests" */;
			buildPhases = (
				5F7844BD25EFE3D30014BF7C /* Sources */,
				5F7844BE25EFE3D30014BF7C /* Frameworks */,
				5F7844BF25EFE3D30014BF7C /* Resources */,
			);
			buildRules = (
			);
			dependencies = (
				5F7844C325EFE3D30014BF7C /* PBXTargetDependency */,
			);
			name = "SwiftUI-ExploringUITests";
			productName = "SwiftUI-ExploringUITests";
			productReference = 5F7844C125EFE3D30014BF7C /* SwiftUI-ExploringUITests.xctest */;
			productType = "com.apple.product-type.bundle.ui-testing";
		};
/* End PBXNativeTarget section */

/* Begin PBXProject section */
		5F78449D25EFE3CF0014BF7C /* Project object */ = {
			isa = PBXProject;
			attributes = {
				LastSwiftUpdateCheck = 1240;
				LastUpgradeCheck = 1240;
				TargetAttributes = {
					5F7844A425EFE3D00014BF7C = {
						CreatedOnToolsVersion = 12.4;
					};
					5F7844B525EFE3D30014BF7C = {
						CreatedOnToolsVersion = 12.4;
						TestTargetID = 5F7844A425EFE3D00014BF7C;
					};
					5F7844C025EFE3D30014BF7C = {
						CreatedOnToolsVersion = 12.4;
						TestTargetID = 5F7844A425EFE3D00014BF7C;
					};
				};
			};
			buildConfigurationList = 5F7844A025EFE3D00014BF7C /* Build configuration list for PBXProject "SwiftUI-Exploring" */;
			compatibilityVersion = "Xcode 9.3";
			developmentRegion = en;
			hasScannedForEncodings = 0;
			knownRegions = (
				en,
				Base,
			);
			mainGroup = 5F78449C25EFE3CF0014BF7C;
			productRefGroup = 5F7844A625EFE3D00014BF7C /* Products */;
			projectDirPath = "";
			projectRoot = "";
			targets = (
				5F7844A425EFE3D00014BF7C /* SwiftUI-Exploring */,
				5F7844B525EFE3D30014BF7C /* SwiftUI-ExploringTests */,
				5F7844C025EFE3D30014BF7C /* SwiftUI-ExploringUITests */,
			);
		};
/* End PBXProject section */

/* Begin PBXResourcesBuildPhase section */
		5F7844A325EFE3D00014BF7C /* Resources */ = {
			isa = PBXResourcesBuildPhase;
			buildActionMask = 2147483647;
			files = (
				5F7844B025EFE3D30014BF7C /* Preview Assets.xcassets in Resources */,
				5F7844AD25EFE3D30014BF7C /* Assets.xcassets in Resources */,
			);
			runOnlyForDeploymentPostprocessing = 0;
		};
		5F7844B425EFE3D30014BF7C /* Resources */ = {
			isa = PBXResourcesBuildPhase;
			buildActionMask = 2147483647;
			files = (
			);
			runOnlyForDeploymentPostprocessing = 0;
		};
		5F7844BF25EFE3D30014BF7C /* Resources */ = {
			isa = PBXResourcesBuildPhase;
			buildActionMask = 2147483647;
			files = (
			);
			runOnlyForDeploymentPostprocessing = 0;
		};
/* End PBXResourcesBuildPhase section */

/* Begin PBXSourcesBuildPhase section */
		5F7844A125EFE3D00014BF7C /* Sources */ = {
			isa = PBXSourcesBuildPhase;
			buildActionMask = 2147483647;
			files = (
				5F7844AB25EFE3D00014BF7C /* ContentView.swift in Sources */,
				5F7844A925EFE3D00014BF7C /* SwiftUI_ExploringApp.swift in Sources */,
			);
			runOnlyForDeploymentPostprocessing = 0;
		};
		5F7844B225EFE3D30014BF7C /* Sources */ = {
			isa = PBXSourcesBuildPhase;
			buildActionMask = 2147483647;
			files = (
				5F7844BB25EFE3D30014BF7C /* SwiftUI_ExploringTests.swift in Sources */,
			);
			runOnlyForDeploymentPostprocessing = 0;
		};
		5F7844BD25EFE3D30014BF7C /* Sources */ = {
			isa = PBXSourcesBuildPhase;
			buildActionMask = 2147483647;
			files = (
				5F7844C625EFE3D30014BF7C /* SwiftUI_ExploringUITests.swift in Sources */,
			);
			runOnlyForDeploymentPostprocessing = 0;
		};
/* End PBXSourcesBuildPhase section */

/* Begin PBXTargetDependency section */
		5F7844B825EFE3D30014BF7C /* PBXTargetDependency */ = {
			isa = PBXTargetDependency;
			target = 5F7844A425EFE3D00014BF7C /* SwiftUI-Exploring */;
			targetProxy = 5F7844B725EFE3D30014BF7C /* PBXContainerItemProxy */;
		};
		5F7844C325EFE3D30014BF7C /* PBXTargetDependency */ = {
			isa = PBXTargetDependency;
			target = 5F7844A425EFE3D00014BF7C /* SwiftUI-Exploring */;
			targetProxy = 5F7844C225EFE3D30014BF7C /* PBXContainerItemProxy */;
		};
/* End PBXTargetDependency section */

/* Begin XCBuildConfiguration section */
		5F7844C825EFE3D30014BF7C /* Debug */ = {
			isa = XCBuildConfiguration;
			buildSettings = {
				ALWAYS_SEARCH_USER_PATHS = NO;
				CLANG_ANALYZER_NONNULL = YES;
				CLANG_ANALYZER_NUMBER_OBJECT_CONVERSION = YES_AGGRESSIVE;
				CLANG_CXX_LANGUAGE_STANDARD = "gnu++14";
				CLANG_CXX_LIBRARY = "libc++";
				CLANG_ENABLE_MODULES = YES;
				CLANG_ENABLE_OBJC_ARC = YES;
				CLANG_ENABLE_OBJC_WEAK = YES;
				CLANG_WARN_BLOCK_CAPTURE_AUTORELEASING = YES;
				CLANG_WARN_BOOL_CONVERSION = YES;
				CLANG_WARN_COMMA = YES;
				CLANG_WARN_CONSTANT_CONVERSION = YES;
				CLANG_WARN_DEPRECATED_OBJC_IMPLEMENTATIONS = YES;
				CLANG_WARN_DIRECT_OBJC_ISA_USAGE = YES_ERROR;
				CLANG_WARN_DOCUMENTATION_COMMENTS = YES;
				CLANG_WARN_EMPTY_BODY = YES;
				CLANG_WARN_ENUM_CONVERSION = YES;
				CLANG_WARN_INFINITE_RECURSION = YES;
				CLANG_WARN_INT_CONVERSION = YES;
				CLANG_WARN_NON_LITERAL_NULL_CONVERSION = YES;
				CLANG_WARN_OBJC_IMPLICIT_RETAIN_SELF = YES;
				CLANG_WARN_OBJC_LITERAL_CONVERSION = YES;
				CLANG_WARN_OBJC_ROOT_CLASS = YES_ERROR;
				CLANG_WARN_QUOTED_INCLUDE_IN_FRAMEWORK_HEADER = YES;
				CLANG_WARN_RANGE_LOOP_ANALYSIS = YES;
				CLANG_WARN_STRICT_PROTOTYPES = YES;
				CLANG_WARN_SUSPICIOUS_MOVE = YES;
				CLANG_WARN_UNGUARDED_AVAILABILITY = YES_AGGRESSIVE;
				CLANG_WARN_UNREACHABLE_CODE = YES;
				CLANG_WARN__DUPLICATE_METHOD_MATCH = YES;
				COPY_PHASE_STRIP = NO;
				DEBUG_INFORMATION_FORMAT = dwarf;
				ENABLE_STRICT_OBJC_MSGSEND = YES;
				ENABLE_TESTABILITY = YES;
				GCC_C_LANGUAGE_STANDARD = gnu11;
				GCC_DYNAMIC_NO_PIC = NO;
				GCC_NO_COMMON_BLOCKS = YES;
				GCC_OPTIMIZATION_LEVEL = 0;
				GCC_PREPROCESSOR_DEFINITIONS = (
					"DEBUG=1",
					"$(inherited)",
				);
				GCC_WARN_64_TO_32_BIT_CONVERSION = YES;
				GCC_WARN_ABOUT_RETURN_TYPE = YES_ERROR;
				GCC_WARN_UNDECLARED_SELECTOR = YES;
				GCC_WARN_UNINITIALIZED_AUTOS = YES_AGGRESSIVE;
				GCC_WARN_UNUSED_FUNCTION = YES;
				GCC_WARN_UNUSED_VARIABLE = YES;
				IPHONEOS_DEPLOYMENT_TARGET = 14.4;
				MTL_ENABLE_DEBUG_INFO = INCLUDE_SOURCE;
				MTL_FAST_MATH = YES;
				ONLY_ACTIVE_ARCH = YES;
				SDKROOT = iphoneos;
				SWIFT_ACTIVE_COMPILATION_CONDITIONS = DEBUG;
				SWIFT_OPTIMIZATION_LEVEL = "-Onone";
			};
			name = Debug;
		};
		5F7844C925EFE3D30014BF7C /* Release */ = {
			isa = XCBuildConfiguration;
			buildSettings = {
				ALWAYS_SEARCH_USER_PATHS = NO;
				CLANG_ANALYZER_NONNULL = YES;
				CLANG_ANALYZER_NUMBER_OBJECT_CONVERSION = YES_AGGRESSIVE;
				CLANG_CXX_LANGUAGE_STANDARD = "gnu++14";
				CLANG_CXX_LIBRARY = "libc++";
				CLANG_ENABLE_MODULES = YES;
				CLANG_ENABLE_OBJC_ARC = YES;
				CLANG_ENABLE_OBJC_WEAK = YES;
				CLANG_WARN_BLOCK_CAPTURE_AUTORELEASING = YES;
				CLANG_WARN_BOOL_CONVERSION = YES;
				CLANG_WARN_COMMA = YES;
				CLANG_WARN_CONSTANT_CONVERSION = YES;
				CLANG_WARN_DEPRECATED_OBJC_IMPLEMENTATIONS = YES;
				CLANG_WARN_DIRECT_OBJC_ISA_USAGE = YES_ERROR;
				CLANG_WARN_DOCUMENTATION_COMMENTS = YES;
				CLANG_WARN_EMPTY_BODY = YES;
				CLANG_WARN_ENUM_CONVERSION = YES;
				CLANG_WARN_INFINITE_RECURSION = YES;
				CLANG_WARN_INT_CONVERSION = YES;
				CLANG_WARN_NON_LITERAL_NULL_CONVERSION = YES;
				CLANG_WARN_OBJC_IMPLICIT_RETAIN_SELF = YES;
				CLANG_WARN_OBJC_LITERAL_CONVERSION = YES;
				CLANG_WARN_OBJC_ROOT_CLASS = YES_ERROR;
				CLANG_WARN_QUOTED_INCLUDE_IN_FRAMEWORK_HEADER = YES;
				CLANG_WARN_RANGE_LOOP_ANALYSIS = YES;
				CLANG_WARN_STRICT_PROTOTYPES = YES;
				CLANG_WARN_SUSPICIOUS_MOVE = YES;
				CLANG_WARN_UNGUARDED_AVAILABILITY = YES_AGGRESSIVE;
				CLANG_WARN_UNREACHABLE_CODE = YES;
				CLANG_WARN__DUPLICATE_METHOD_MATCH = YES;
				COPY_PHASE_STRIP = NO;
				DEBUG_INFORMATION_FORMAT = "dwarf-with-dsym";
				ENABLE_NS_ASSERTIONS = NO;
				ENABLE_STRICT_OBJC_MSGSEND = YES;
				GCC_C_LANGUAGE_STANDARD = gnu11;
				GCC_NO_COMMON_BLOCKS = YES;
				GCC_WARN_64_TO_32_BIT_CONVERSION = YES;
				GCC_WARN_ABOUT_RETURN_TYPE = YES_ERROR;
				GCC_WARN_UNDECLARED_SELECTOR = YES;
				GCC_WARN_UNINITIALIZED_AUTOS = YES_AGGRESSIVE;
				GCC_WARN_UNUSED_FUNCTION = YES;
				GCC_WARN_UNUSED_VARIABLE = YES;
				IPHONEOS_DEPLOYMENT_TARGET = 14.4;
				MTL_ENABLE_DEBUG_INFO = NO;
				MTL_FAST_MATH = YES;
				SDKROOT = iphoneos;
				SWIFT_COMPILATION_MODE = wholemodule;
				SWIFT_OPTIMIZATION_LEVEL = "-O";
				VALIDATE_PRODUCT = YES;
			};
			name = Release;
		};
		5F7844CB25EFE3D30014BF7C /* Debug */ = {
			isa = XCBuildConfiguration;
			buildSettings = {
				ASSETCATALOG_COMPILER_APPICON_NAME = AppIcon;
				ASSETCATALOG_COMPILER_GLOBAL_ACCENT_COLOR_NAME = AccentColor;
				CODE_SIGN_STYLE = Automatic;
				DEVELOPMENT_ASSET_PATHS = "\"SwiftUI-Exploring/Preview Content\"";
				DEVELOPMENT_TEAM = WNRC3AC2CZ;
				ENABLE_PREVIEWS = YES;
				INFOPLIST_FILE = "SwiftUI-Exploring/Info.plist";
				IPHONEOS_DEPLOYMENT_TARGET = 14.0;
				LD_RUNPATH_SEARCH_PATHS = (
					"$(inherited)",
					"@executable_path/Frameworks",
				);
				PRODUCT_BUNDLE_IDENTIFIER = "MALX.SwiftUI-Exploring";
				PRODUCT_NAME = "$(TARGET_NAME)";
				SWIFT_VERSION = 5.0;
				TARGETED_DEVICE_FAMILY = "1,2";
			};
			name = Debug;
		};
		5F7844CC25EFE3D30014BF7C /* Release */ = {
			isa = XCBuildConfiguration;
			buildSettings = {
				ASSETCATALOG_COMPILER_APPICON_NAME = AppIcon;
				ASSETCATALOG_COMPILER_GLOBAL_ACCENT_COLOR_NAME = AccentColor;
				CODE_SIGN_STYLE = Automatic;
				DEVELOPMENT_ASSET_PATHS = "\"SwiftUI-Exploring/Preview Content\"";
				DEVELOPMENT_TEAM = WNRC3AC2CZ;
				ENABLE_PREVIEWS = YES;
				INFOPLIST_FILE = "SwiftUI-Exploring/Info.plist";
				IPHONEOS_DEPLOYMENT_TARGET = 14.0;
				LD_RUNPATH_SEARCH_PATHS = (
					"$(inherited)",
					"@executable_path/Frameworks",
				);
				PRODUCT_BUNDLE_IDENTIFIER = "MALX.SwiftUI-Exploring";
				PRODUCT_NAME = "$(TARGET_NAME)";
				SWIFT_VERSION = 5.0;
				TARGETED_DEVICE_FAMILY = "1,2";
			};
			name = Release;
		};
		5F7844CE25EFE3D30014BF7C /* Debug */ = {
			isa = XCBuildConfiguration;
			buildSettings = {
				ALWAYS_EMBED_SWIFT_STANDARD_LIBRARIES = YES;
				BUNDLE_LOADER = "$(TEST_HOST)";
				CODE_SIGN_STYLE = Automatic;
				DEVELOPMENT_TEAM = WNRC3AC2CZ;
				INFOPLIST_FILE = "SwiftUI-ExploringTests/Info.plist";
				IPHONEOS_DEPLOYMENT_TARGET = 14.0;
				LD_RUNPATH_SEARCH_PATHS = (
					"$(inherited)",
					"@executable_path/Frameworks",
					"@loader_path/Frameworks",
				);
				PRODUCT_BUNDLE_IDENTIFIER = "MALX.SwiftUI-ExploringTests";
				PRODUCT_NAME = "$(TARGET_NAME)";
				SWIFT_VERSION = 5.0;
				TARGETED_DEVICE_FAMILY = "1,2";
				TEST_HOST = "$(BUILT_PRODUCTS_DIR)/SwiftUI-Exploring.app/SwiftUI-Exploring";
			};
			name = Debug;
		};
		5F7844CF25EFE3D30014BF7C /* Release */ = {
			isa = XCBuildConfiguration;
			buildSettings = {
				ALWAYS_EMBED_SWIFT_STANDARD_LIBRARIES = YES;
				BUNDLE_LOADER = "$(TEST_HOST)";
				CODE_SIGN_STYLE = Automatic;
				DEVELOPMENT_TEAM = WNRC3AC2CZ;
				INFOPLIST_FILE = "SwiftUI-ExploringTests/Info.plist";
				IPHONEOS_DEPLOYMENT_TARGET = 14.0;
				LD_RUNPATH_SEARCH_PATHS = (
					"$(inherited)",
					"@executable_path/Frameworks",
					"@loader_path/Frameworks",
				);
				PRODUCT_BUNDLE_IDENTIFIER = "MALX.SwiftUI-ExploringTests";
				PRODUCT_NAME = "$(TARGET_NAME)";
				SWIFT_VERSION = 5.0;
				TARGETED_DEVICE_FAMILY = "1,2";
				TEST_HOST = "$(BUILT_PRODUCTS_DIR)/SwiftUI-Exploring.app/SwiftUI-Exploring";
			};
			name = Release;
		};
		5F7844D125EFE3D30014BF7C /* Debug */ = {
			isa = XCBuildConfiguration;
			buildSettings = {
				ALWAYS_EMBED_SWIFT_STANDARD_LIBRARIES = YES;
				CODE_SIGN_STYLE = Automatic;
				DEVELOPMENT_TEAM = WNRC3AC2CZ;
				INFOPLIST_FILE = "SwiftUI-ExploringUITests/Info.plist";
				LD_RUNPATH_SEARCH_PATHS = (
					"$(inherited)",
					"@executable_path/Frameworks",
					"@loader_path/Frameworks",
				);
				PRODUCT_BUNDLE_IDENTIFIER = "MALX.SwiftUI-ExploringUITests";
				PRODUCT_NAME = "$(TARGET_NAME)";
				SWIFT_VERSION = 5.0;
				TARGETED_DEVICE_FAMILY = "1,2";
				TEST_TARGET_NAME = "SwiftUI-Exploring";
			};
			name = Debug;
		};
		5F7844D225EFE3D30014BF7C /* Release */ = {
			isa = XCBuildConfiguration;
			buildSettings = {
				ALWAYS_EMBED_SWIFT_STANDARD_LIBRARIES = YES;
				CODE_SIGN_STYLE = Automatic;
				DEVELOPMENT_TEAM = WNRC3AC2CZ;
				INFOPLIST_FILE = "SwiftUI-ExploringUITests/Info.plist";
				LD_RUNPATH_SEARCH_PATHS = (
					"$(inherited)",
					"@executable_path/Frameworks",
					"@loader_path/Frameworks",
				);
				PRODUCT_BUNDLE_IDENTIFIER = "MALX.SwiftUI-ExploringUITests";
				PRODUCT_NAME = "$(TARGET_NAME)";
				SWIFT_VERSION = 5.0;
				TARGETED_DEVICE_FAMILY = "1,2";
				TEST_TARGET_NAME = "SwiftUI-Exploring";
			};
			name = Release;
		};
/* End XCBuildConfiguration section */

/* Begin XCConfigurationList section */
		5F7844A025EFE3D00014BF7C /* Build configuration list for PBXProject "SwiftUI-Exploring" */ = {
			isa = XCConfigurationList;
			buildConfigurations = (
				5F7844C825EFE3D30014BF7C /* Debug */,
				5F7844C925EFE3D30014BF7C /* Release */,
			);
			defaultConfigurationIsVisible = 0;
			defaultConfigurationName = Release;
		};
		5F7844CA25EFE3D30014BF7C /* Build configuration list for PBXNativeTarget "SwiftUI-Exploring" */ = {
			isa = XCConfigurationList;
			buildConfigurations = (
				5F7844CB25EFE3D30014BF7C /* Debug */,
				5F7844CC25EFE3D30014BF7C /* Release */,
			);
			defaultConfigurationIsVisible = 0;
			defaultConfigurationName = Release;
		};
		5F7844CD25EFE3D30014BF7C /* Build configuration list for PBXNativeTarget "SwiftUI-ExploringTests" */ = {
			isa = XCConfigurationList;
			buildConfigurations = (
				5F7844CE25EFE3D30014BF7C /* Debug */,
				5F7844CF25EFE3D30014BF7C /* Release */,
			);
			defaultConfigurationIsVisible = 0;
			defaultConfigurationName = Release;
		};
		5F7844D025EFE3D30014BF7C /* Build configuration list for PBXNativeTarget "SwiftUI-ExploringUITests" */ = {
			isa = XCConfigurationList;
			buildConfigurations = (
				5F7844D125EFE3D30014BF7C /* Debug */,
				5F7844D225EFE3D30014BF7C /* Release */,
			);
			defaultConfigurationIsVisible = 0;
			defaultConfigurationName = Release;
		};
/* End XCConfigurationList section */
	};
	rootObject = 5F78449D25EFE3CF0014BF7C /* Project object */;
}
